
Microsoft Visual Studio Solution File, Format Version 12.00
# Visual Studio Version 17
VisualStudioVersion = 17.4.33110.190
MinimumVisualStudioVersion = 10.0.40219.1
Project("{9A19103F-16F7-4668-BE54-9A1E7A4F7556}") = "Fifa22.WebService", "Fifa22.WebService\Fifa22.WebService.csproj", "{9E4468C2-099C-4669-B3F3-4242A157FDD9}"
EndProject
Project("{9A19103F-16F7-4668-BE54-9A1E7A4F7556}") = "Fifa22.Library", "Fifa22.Library\Fifa22.Library.csproj", "{E394D8DD-257E-4847-8624-08DB919ACD17}"
EndProject
Project("{9A19103F-16F7-4668-BE54-9A1E7A4F7556}") = "Fifa22", "Fifa22\Fifa22.csproj", "{6538AE74-DE1C-476B-BE8D-78126043C245}"
EndProject
Project("{2150E333-8FDC-42A3-9474-1A3956D46DE8}") = "WebClient", "WebClient", "{38A39C89-0F00-4C08-BA24-CC174C2CB47C}"
	ProjectSection(SolutionItems) = preProject
		Fifa.AngularJS\app.js = Fifa.AngularJS\app.js
		Fifa.AngularJS\WebClient.html = Fifa.AngularJS\WebClient.html
	EndProjectSection
EndProject
Global
	GlobalSection(SolutionConfigurationPlatforms) = preSolution
		Debug|Any CPU = Debug|Any CPU
		Release|Any CPU = Release|Any CPU
	EndGlobalSection
	GlobalSection(ProjectConfigurationPlatforms) = postSolution
		{9E4468C2-099C-4669-B3F3-4242A157FDD9}.Debug|Any CPU.ActiveCfg = Debug|Any CPU
		{9E4468C2-099C-4669-B3F3-4242A157FDD9}.Debug|Any CPU.Build.0 = Debug|Any CPU
		{9E4468C2-099C-4669-B3F3-4242A157FDD9}.Release|Any CPU.ActiveCfg = Release|Any CPU
		{9E4468C2-099C-4669-B3F3-4242A157FDD9}.Release|Any CPU.Build.0 = Release|Any CPU
		{E394D8DD-257E-4847-8624-08DB919ACD17}.Debug|Any CPU.ActiveCfg = Debug|Any CPU
		{E394D8DD-257E-4847-8624-08DB919ACD17}.Debug|Any CPU.Build.0 = Debug|Any CPU
		{E394D8DD-257E-4847-8624-08DB919ACD17}.Release|Any CPU.ActiveCfg = Release|Any CPU
		{E394D8DD-257E-4847-8624-08DB919ACD17}.Release|Any CPU.Build.0 = Release|Any CPU
		{6538AE74-DE1C-476B-BE8D-78126043C245}.Debug|Any CPU.ActiveCfg = Debug|Any CPU
		{6538AE74-DE1C-476B-BE8D-78126043C245}.Debug|Any CPU.Build.0 = Debug|Any CPU
		{6538AE74-DE1C-476B-BE8D-78126043C245}.Release|Any CPU.ActiveCfg = Release|Any CPU
		{6538AE74-DE1C-476B-BE8D-78126043C245}.Release|Any CPU.Build.0 = Release|Any CPU
	EndGlobalSection
	GlobalSection(SolutionProperties) = preSolution
		HideSolutionNode = FALSE
	EndGlobalSection
	GlobalSection(ExtensibilityGlobals) = postSolution
		SolutionGuid = {94D3FFD9-BDEA-4926-A538-9672CC88709C}
	EndGlobalSection
EndGlobal
